# This file is automatically @generated by Cargo.
# It is not intended for manual editing.
version = 3

[[package]]
name = "exper_inter_process_channel"
version = "0.1.0"
dependencies = [
 "msg1",
 "msg2",
 "msg_header",
 "sm",
 "sm_channel_to_network",
 "sm_network_to_channel",
 "uuid",
]

[[package]]
name = "msg1"
version = "0.1.0"
dependencies = [
 "msg_header",
 "uuid",
]

[[package]]
name = "msg2"
version = "0.1.0"
dependencies = [
 "msg_header",
 "uuid",
]

[[package]]
name = "msg_header"
version = "0.1.0"
dependencies = [
 "uuid",
]

[[package]]
name = "sm"
version = "0.1.0"

[[package]]
name = "sm_channel_to_network"
version = "0.1.0"
dependencies = [
 "msg1",
 "msg2",
 "msg_header",
 "sm",
]

[[package]]
name = "sm_network_to_channel"
version = "0.1.0"
dependencies = [
 "msg1",
 "msg2",
 "msg_header",
 "sm",
]

[[package]]
name = "uuid"
version = "1.2.2"
source = "registry+https://github.com/rust-lang/crates.io-index"
checksum = "422ee0de9031b5b948b97a8fc04e3aa35230001a722ddd27943e0be31564ce4c"
